
Microsoft Visual Studio Solution File, Format Version 12.00
# Visual Studio Version 16
VisualStudioVersion = 16.0.32228.343
MinimumVisualStudioVersion = 10.0.40219.1
Project("{FAE04EC0-301F-11D3-BF4B-00C04F79EFBC}") = "UserValidation", "UserValidation\UserValidation.csproj", "{8B959A88-1F2E-4F11-ACBF-6140E558DD9B}"
EndProject
Project("{FAE04EC0-301F-11D3-BF4B-00C04F79EFBC}") = "UserRegistrationTest", "UserRegistrationTest\UserRegistrationTest.csproj", "{D4A6BEB9-9A64-4D93-B901-7F79DA905A7D}"
EndProject
Global
	GlobalSection(SolutionConfigurationPlatforms) = preSolution
		Debug|Any CPU = Debug|Any CPU
		Release|Any CPU = Release|Any CPU
	EndGlobalSection
	GlobalSection(ProjectConfigurationPlatforms) = postSolution
		{8B959A88-1F2E-4F11-ACBF-6140E558DD9B}.Debug|Any CPU.ActiveCfg = Debug|Any CPU
		{8B959A88-1F2E-4F11-ACBF-6140E558DD9B}.Debug|Any CPU.Build.0 = Debug|Any CPU
		{8B959A88-1F2E-4F11-ACBF-6140E558DD9B}.Release|Any CPU.ActiveCfg = Release|Any CPU
		{8B959A88-1F2E-4F11-ACBF-6140E558DD9B}.Release|Any CPU.Build.0 = Release|Any CPU
		{D4A6BEB9-9A64-4D93-B901-7F79DA905A7D}.Debug|Any CPU.ActiveCfg = Debug|Any CPU
		{D4A6BEB9-9A64-4D93-B901-7F79DA905A7D}.Debug|Any CPU.Build.0 = Debug|Any CPU
		{D4A6BEB9-9A64-4D93-B901-7F79DA905A7D}.Release|Any CPU.ActiveCfg = Release|Any CPU
		{D4A6BEB9-9A64-4D93-B901-7F79DA905A7D}.Release|Any CPU.Build.0 = Release|Any CPU
	EndGlobalSection
	GlobalSection(SolutionProperties) = preSolution
		HideSolutionNode = FALSE
	EndGlobalSection
	GlobalSection(ExtensibilityGlobals) = postSolution
		SolutionGuid = {0F4CB296-000C-41BE-B318-035E5528182A}
	EndGlobalSection
EndGlobal
